
Microsoft Visual Studio Solution File, Format Version 12.00
# Visual Studio Version 17
VisualStudioVersion = 17.14.36414.22
MinimumVisualStudioVersion = 10.0.40219.1
Project("{8BC9CEB8-8B4A-11D0-8D11-00A0C91BC942}") = "ch07", "ch07\ch07.vcxproj", "{D21E174E-F012-4818-8756-08816C6F7D70}"
EndProject
Project("{8BC9CEB8-8B4A-11D0-8D11-00A0C91BC942}") = "ch08", "ch08\ch08.vcxproj", "{09471C72-FD1A-42F2-9D10-FEC8B3C569A3}"
EndProject
Project("{8BC9CEB8-8B4A-11D0-8D11-00A0C91BC942}") = "ch09", "ch09\ch09.vcxproj", "{3D36DAA3-A163-436C-8B7B-BC03B04F8C97}"
EndProject
Project("{8BC9CEB8-8B4A-11D0-8D11-00A0C91BC942}") = "ch07-Assignment", "ch07-Assignment\ch07-Assignment.vcxproj", "{02932D84-3873-4C1C-93CD-9D039F9F2197}"
EndProject
Project("{8BC9CEB8-8B4A-11D0-8D11-00A0C91BC942}") = "ch08-Assignment", "ch08-Assignment\ch08-Assignment.vcxproj", "{3151575D-BD80-4C01-BA56-A221DC880FA2}"
EndProject
Project("{8BC9CEB8-8B4A-11D0-8D11-00A0C91BC942}") = "ch09-Assignment", "ch09-Assignment\ch09-Assignment.vcxproj", "{6DD413B4-FABE-481D-AC7C-BC774B321247}"
EndProject
Project("{8BC9CEB8-8B4A-11D0-8D11-00A0C91BC942}") = "ch10", "ch10\ch10.vcxproj", "{1789172E-83C0-4A18-ACD0-6AA47BA387E5}"
EndProject
Project("{8BC9CEB8-8B4A-11D0-8D11-00A0C91BC942}") = "ch10-Assignment", "ch10-Assignment\ch10-Assignment.vcxproj", "{0E7A9522-71CB-415B-9D95-EACA24A70A97}"
EndProject
Project("{8BC9CEB8-8B4A-11D0-8D11-00A0C91BC942}") = "test", "test\test.vcxproj", "{CADDED28-10AC-48E6-927F-E709C33BF523}"
EndProject
Project("{8BC9CEB8-8B4A-11D0-8D11-00A0C91BC942}") = "ch11", "ch11\ch11.vcxproj", "{25BBB66C-9FF1-4601-97F8-1E6E22FD850A}"
EndProject
Project("{8BC9CEB8-8B4A-11D0-8D11-00A0C91BC942}") = "ch12", "ch12\ch12.vcxproj", "{A72B73A3-57F2-4D4A-8726-D347911DE7F4}"
EndProject
Project("{8BC9CEB8-8B4A-11D0-8D11-00A0C91BC942}") = "ch12-Assignment", "ch12-Assignment\ch12-Assignment.vcxproj", "{C5471378-F03E-4930-8ED6-3762E86C07E2}"
EndProject
Project("{8BC9CEB8-8B4A-11D0-8D11-00A0C91BC942}") = "ch13", "ch13\ch13.vcxproj", "{958D8E88-2F2D-4A89-81B6-21571AD850C9}"
EndProject
Global
	GlobalSection(SolutionConfigurationPlatforms) = preSolution
		Debug|x64 = Debug|x64
		Debug|x86 = Debug|x86
		Release|x64 = Release|x64
		Release|x86 = Release|x86
	EndGlobalSection
	GlobalSection(ProjectConfigurationPlatforms) = postSolution
		{D21E174E-F012-4818-8756-08816C6F7D70}.Debug|x64.ActiveCfg = Debug|x64
		{D21E174E-F012-4818-8756-08816C6F7D70}.Debug|x64.Build.0 = Debug|x64
		{D21E174E-F012-4818-8756-08816C6F7D70}.Debug|x86.ActiveCfg = Debug|Win32
		{D21E174E-F012-4818-8756-08816C6F7D70}.Debug|x86.Build.0 = Debug|Win32
		{D21E174E-F012-4818-8756-08816C6F7D70}.Release|x64.ActiveCfg = Release|x64
		{D21E174E-F012-4818-8756-08816C6F7D70}.Release|x64.Build.0 = Release|x64
		{D21E174E-F012-4818-8756-08816C6F7D70}.Release|x86.ActiveCfg = Release|Win32
		{D21E174E-F012-4818-8756-08816C6F7D70}.Release|x86.Build.0 = Release|Win32
		{09471C72-FD1A-42F2-9D10-FEC8B3C569A3}.Debug|x64.ActiveCfg = Debug|x64
		{09471C72-FD1A-42F2-9D10-FEC8B3C569A3}.Debug|x64.Build.0 = Debug|x64
		{09471C72-FD1A-42F2-9D10-FEC8B3C569A3}.Debug|x86.ActiveCfg = Debug|Win32
		{09471C72-FD1A-42F2-9D10-FEC8B3C569A3}.Debug|x86.Build.0 = Debug|Win32
		{09471C72-FD1A-42F2-9D10-FEC8B3C569A3}.Release|x64.ActiveCfg = Release|x64
		{09471C72-FD1A-42F2-9D10-FEC8B3C569A3}.Release|x64.Build.0 = Release|x64
		{09471C72-FD1A-42F2-9D10-FEC8B3C569A3}.Release|x86.ActiveCfg = Release|Win32
		{09471C72-FD1A-42F2-9D10-FEC8B3C569A3}.Release|x86.Build.0 = Release|Win32
		{3D36DAA3-A163-436C-8B7B-BC03B04F8C97}.Debug|x64.ActiveCfg = Debug|x64
		{3D36DAA3-A163-436C-8B7B-BC03B04F8C97}.Debug|x64.Build.0 = Debug|x64
		{3D36DAA3-A163-436C-8B7B-BC03B04F8C97}.Debug|x86.ActiveCfg = Debug|Win32
		{3D36DAA3-A163-436C-8B7B-BC03B04F8C97}.Debug|x86.Build.0 = Debug|Win32
		{3D36DAA3-A163-436C-8B7B-BC03B04F8C97}.Release|x64.ActiveCfg = Release|x64
		{3D36DAA3-A163-436C-8B7B-BC03B04F8C97}.Release|x64.Build.0 = Release|x64
		{3D36DAA3-A163-436C-8B7B-BC03B04F8C97}.Release|x86.ActiveCfg = Release|Win32
		{3D36DAA3-A163-436C-8B7B-BC03B04F8C97}.Release|x86.Build.0 = Release|Win32
		{02932D84-3873-4C1C-93CD-9D039F9F2197}.Debug|x64.ActiveCfg = Debug|x64
		{02932D84-3873-4C1C-93CD-9D039F9F2197}.Debug|x64.Build.0 = Debug|x64
		{02932D84-3873-4C1C-93CD-9D039F9F2197}.Debug|x86.ActiveCfg = Debug|Win32
		{02932D84-3873-4C1C-93CD-9D039F9F2197}.Debug|x86.Build.0 = Debug|Win32
		{02932D84-3873-4C1C-93CD-9D039F9F2197}.Release|x64.ActiveCfg = Release|x64
		{02932D84-3873-4C1C-93CD-9D039F9F2197}.Release|x64.Build.0 = Release|x64
		{02932D84-3873-4C1C-93CD-9D039F9F2197}.Release|x86.ActiveCfg = Release|Win32
		{02932D84-3873-4C1C-93CD-9D039F9F2197}.Release|x86.Build.0 = Release|Win32
		{3151575D-BD80-4C01-BA56-A221DC880FA2}.Debug|x64.ActiveCfg = Debug|x64
		{3151575D-BD80-4C01-BA56-A221DC880FA2}.Debug|x64.Build.0 = Debug|x64
		{3151575D-BD80-4C01-BA56-A221DC880FA2}.Debug|x86.ActiveCfg = Debug|Win32
		{3151575D-BD80-4C01-BA56-A221DC880FA2}.Debug|x86.Build.0 = Debug|Win32
		{3151575D-BD80-4C01-BA56-A221DC880FA2}.Release|x64.ActiveCfg = Release|x64
		{3151575D-BD80-4C01-BA56-A221DC880FA2}.Release|x64.Build.0 = Release|x64
		{3151575D-BD80-4C01-BA56-A221DC880FA2}.Release|x86.ActiveCfg = Release|Win32
		{3151575D-BD80-4C01-BA56-A221DC880FA2}.Release|x86.Build.0 = Release|Win32
		{6DD413B4-FABE-481D-AC7C-BC774B321247}.Debug|x64.ActiveCfg = Debug|x64
		{6DD413B4-FABE-481D-AC7C-BC774B321247}.Debug|x64.Build.0 = Debug|x64
		{6DD413B4-FABE-481D-AC7C-BC774B321247}.Debug|x86.ActiveCfg = Debug|Win32
		{6DD413B4-FABE-481D-AC7C-BC774B321247}.Debug|x86.Build.0 = Debug|Win32
		{6DD413B4-FABE-481D-AC7C-BC774B321247}.Release|x64.ActiveCfg = Release|x64
		{6DD413B4-FABE-481D-AC7C-BC774B321247}.Release|x64.Build.0 = Release|x64
		{6DD413B4-FABE-481D-AC7C-BC774B321247}.Release|x86.ActiveCfg = Release|Win32
		{6DD413B4-FABE-481D-AC7C-BC774B321247}.Release|x86.Build.0 = Release|Win32
		{1789172E-83C0-4A18-ACD0-6AA47BA387E5}.Debug|x64.ActiveCfg = Debug|x64
		{1789172E-83C0-4A18-ACD0-6AA47BA387E5}.Debug|x64.Build.0 = Debug|x64
		{1789172E-83C0-4A18-ACD0-6AA47BA387E5}.Debug|x86.ActiveCfg = Debug|Win32
		{1789172E-83C0-4A18-ACD0-6AA47BA387E5}.Debug|x86.Build.0 = Debug|Win32
		{1789172E-83C0-4A18-ACD0-6AA47BA387E5}.Release|x64.ActiveCfg = Release|x64
		{1789172E-83C0-4A18-ACD0-6AA47BA387E5}.Release|x64.Build.0 = Release|x64
		{1789172E-83C0-4A18-ACD0-6AA47BA387E5}.Release|x86.ActiveCfg = Release|Win32
		{1789172E-83C0-4A18-ACD0-6AA47BA387E5}.Release|x86.Build.0 = Release|Win32
		{0E7A9522-71CB-415B-9D95-EACA24A70A97}.Debug|x64.ActiveCfg = Debug|x64
		{0E7A9522-71CB-415B-9D95-EACA24A70A97}.Debug|x64.Build.0 = Debug|x64
		{0E7A9522-71CB-415B-9D95-EACA24A70A97}.Debug|x86.ActiveCfg = Debug|Win32
		{0E7A9522-71CB-415B-9D95-EACA24A70A97}.Debug|x86.Build.0 = Debug|Win32
		{0E7A9522-71CB-415B-9D95-EACA24A70A97}.Release|x64.ActiveCfg = Release|x64
		{0E7A9522-71CB-415B-9D95-EACA24A70A97}.Release|x64.Build.0 = Release|x64
		{0E7A9522-71CB-415B-9D95-EACA24A70A97}.Release|x86.ActiveCfg = Release|Win32
		{0E7A9522-71CB-415B-9D95-EACA24A70A97}.Release|x86.Build.0 = Release|Win32
		{CADDED28-10AC-48E6-927F-E709C33BF523}.Debug|x64.ActiveCfg = Debug|x64
		{CADDED28-10AC-48E6-927F-E709C33BF523}.Debug|x64.Build.0 = Debug|x64
		{CADDED28-10AC-48E6-927F-E709C33BF523}.Debug|x86.ActiveCfg = Debug|Win32
		{CADDED28-10AC-48E6-927F-E709C33BF523}.Debug|x86.Build.0 = Debug|Win32
		{CADDED28-10AC-48E6-927F-E709C33BF523}.Release|x64.ActiveCfg = Release|x64
		{CADDED28-10AC-48E6-927F-E709C33BF523}.Release|x64.Build.0 = Release|x64
		{CADDED28-10AC-48E6-927F-E709C33BF523}.Release|x86.ActiveCfg = Release|Win32
		{CADDED28-10AC-48E6-927F-E709C33BF523}.Release|x86.Build.0 = Release|Win32
		{25BBB66C-9FF1-4601-97F8-1E6E22FD850A}.Debug|x64.ActiveCfg = Debug|x64
		{25BBB66C-9FF1-4601-97F8-1E6E22FD850A}.Debug|x64.Build.0 = Debug|x64
		{25BBB66C-9FF1-4601-97F8-1E6E22FD850A}.Debug|x86.ActiveCfg = Debug|Win32
		{25BBB66C-9FF1-4601-97F8-1E6E22FD850A}.Debug|x86.Build.0 = Debug|Win32
		{25BBB66C-9FF1-4601-97F8-1E6E22FD850A}.Release|x64.ActiveCfg = Release|x64
		{25BBB66C-9FF1-4601-97F8-1E6E22FD850A}.Release|x64.Build.0 = Release|x64
		{25BBB66C-9FF1-4601-97F8-1E6E22FD850A}.Release|x86.ActiveCfg = Release|Win32
		{25BBB66C-9FF1-4601-97F8-1E6E22FD850A}.Release|x86.Build.0 = Release|Win32
		{A72B73A3-57F2-4D4A-8726-D347911DE7F4}.Debug|x64.ActiveCfg = Debug|x64
		{A72B73A3-57F2-4D4A-8726-D347911DE7F4}.Debug|x64.Build.0 = Debug|x64
		{A72B73A3-57F2-4D4A-8726-D347911DE7F4}.Debug|x86.ActiveCfg = Debug|Win32
		{A72B73A3-57F2-4D4A-8726-D347911DE7F4}.Debug|x86.Build.0 = Debug|Win32
		{A72B73A3-57F2-4D4A-8726-D347911DE7F4}.Release|x64.ActiveCfg = Release|x64
		{A72B73A3-57F2-4D4A-8726-D347911DE7F4}.Release|x64.Build.0 = Release|x64
		{A72B73A3-57F2-4D4A-8726-D347911DE7F4}.Release|x86.ActiveCfg = Release|Win32
		{A72B73A3-57F2-4D4A-8726-D347911DE7F4}.Release|x86.Build.0 = Release|Win32
		{C5471378-F03E-4930-8ED6-3762E86C07E2}.Debug|x64.ActiveCfg = Debug|x64
		{C5471378-F03E-4930-8ED6-3762E86C07E2}.Debug|x64.Build.0 = Debug|x64
		{C5471378-F03E-4930-8ED6-3762E86C07E2}.Debug|x86.ActiveCfg = Debug|Win32
		{C5471378-F03E-4930-8ED6-3762E86C07E2}.Debug|x86.Build.0 = Debug|Win32
		{C5471378-F03E-4930-8ED6-3762E86C07E2}.Release|x64.ActiveCfg = Release|x64
		{C5471378-F03E-4930-8ED6-3762E86C07E2}.Release|x64.Build.0 = Release|x64
		{C5471378-F03E-4930-8ED6-3762E86C07E2}.Release|x86.ActiveCfg = Release|Win32
		{C5471378-F03E-4930-8ED6-3762E86C07E2}.Release|x86.Build.0 = Release|Win32
		{958D8E88-2F2D-4A89-81B6-21571AD850C9}.Debug|x64.ActiveCfg = Debug|x64
		{958D8E88-2F2D-4A89-81B6-21571AD850C9}.Debug|x64.Build.0 = Debug|x64
		{958D8E88-2F2D-4A89-81B6-21571AD850C9}.Debug|x86.ActiveCfg = Debug|Win32
		{958D8E88-2F2D-4A89-81B6-21571AD850C9}.Debug|x86.Build.0 = Debug|Win32
		{958D8E88-2F2D-4A89-81B6-21571AD850C9}.Release|x64.ActiveCfg = Release|x64
		{958D8E88-2F2D-4A89-81B6-21571AD850C9}.Release|x64.Build.0 = Release|x64
		{958D8E88-2F2D-4A89-81B6-21571AD850C9}.Release|x86.ActiveCfg = Release|Win32
		{958D8E88-2F2D-4A89-81B6-21571AD850C9}.Release|x86.Build.0 = Release|Win32
	EndGlobalSection
	GlobalSection(SolutionProperties) = preSolution
		HideSolutionNode = FALSE
	EndGlobalSection
	GlobalSection(ExtensibilityGlobals) = postSolution
		SolutionGuid = {16B2F888-EAC4-4B4F-B117-4E3266EF0174}
	EndGlobalSection
EndGlobal
